// !$*UTF8*$!
{
	archiveVersion = 1;
	classes = {
	};
	objectVersion = 56;
	objects = {

/* Begin PBXBuildFile section */
		3C9672762A24E31C000FC1A9 /* AppDelegate.swift in Sources */ = {isa = PBXBuildFile; fileRef = 3C9672752A24E31C000FC1A9 /* AppDelegate.swift */; };
		3C9672782A24E31C000FC1A9 /* SceneDelegate.swift in Sources */ = {isa = PBXBuildFile; fileRef = 3C9672772A24E31C000FC1A9 /* SceneDelegate.swift */; };
		3C96727A2A24E31C000FC1A9 /* ViewController.swift in Sources */ = {isa = PBXBuildFile; fileRef = 3C9672792A24E31C000FC1A9 /* ViewController.swift */; };
		3C96727D2A24E31C000FC1A9 /* Main.storyboard in Resources */ = {isa = PBXBuildFile; fileRef = 3C96727B2A24E31C000FC1A9 /* Main.storyboard */; };
		3C9672802A24E31C000FC1A9 /* WeatherAPIApp.xcdatamodeld in Sources */ = {isa = PBXBuildFile; fileRef = 3C96727E2A24E31C000FC1A9 /* WeatherAPIApp.xcdatamodeld */; };
		3C9672822A24E31D000FC1A9 /* Assets.xcassets in Resources */ = {isa = PBXBuildFile; fileRef = 3C9672812A24E31D000FC1A9 /* Assets.xcassets */; };
		3C9672852A24E31D000FC1A9 /* LaunchScreen.storyboard in Resources */ = {isa = PBXBuildFile; fileRef = 3C9672832A24E31D000FC1A9 /* LaunchScreen.storyboard */; };
		3C9672902A24E31D000FC1A9 /* WeatherAPIAppTests.swift in Sources */ = {isa = PBXBuildFile; fileRef = 3C96728F2A24E31D000FC1A9 /* WeatherAPIAppTests.swift */; };
		3C96729A2A24E31D000FC1A9 /* WeatherAPIAppUITests.swift in Sources */ = {isa = PBXBuildFile; fileRef = 3C9672992A24E31D000FC1A9 /* WeatherAPIAppUITests.swift */; };
		3C96729C2A24E31D000FC1A9 /* WeatherAPIAppUITestsLaunchTests.swift in Sources */ = {isa = PBXBuildFile; fileRef = 3C96729B2A24E31D000FC1A9 /* WeatherAPIAppUITestsLaunchTests.swift */; };
/* End PBXBuildFile section */

/* Begin PBXContainerItemProxy section */
		3C96728C2A24E31D000FC1A9 /* PBXContainerItemProxy */ = {
			isa = PBXContainerItemProxy;
			containerPortal = 3C96726A2A24E31C000FC1A9 /* Project object */;
			proxyType = 1;
			remoteGlobalIDString = 3C9672712A24E31C000FC1A9;
			remoteInfo = WeatherAPIApp;
		};
		3C9672962A24E31D000FC1A9 /* PBXContainerItemProxy */ = {
			isa = PBXContainerItemProxy;
			containerPortal = 3C96726A2A24E31C000FC1A9 /* Project object */;
			proxyType = 1;
			remoteGlobalIDString = 3C9672712A24E31C000FC1A9;
			remoteInfo = WeatherAPIApp;
		};
/* End PBXContainerItemProxy section */

/* Begin PBXFileReference section */
		3C9672722A24E31C000FC1A9 /* WeatherAPIApp.app */ = {isa = PBXFileReference; explicitFileType = wrapper.application; includeInIndex = 0; path = WeatherAPIApp.app; sourceTree = BUILT_PRODUCTS_DIR; };
		3C9672752A24E31C000FC1A9 /* AppDelegate.swift */ = {isa = PBXFileReference; lastKnownFileType = sourcecode.swift; path = AppDelegate.swift; sourceTree = "<group>"; };
		3C9672772A24E31C000FC1A9 /* SceneDelegate.swift */ = {isa = PBXFileReference; lastKnownFileType = sourcecode.swift; path = SceneDelegate.swift; sourceTree = "<group>"; };
		3C9672792A24E31C000FC1A9 /* ViewController.swift */ = {isa = PBXFileReference; lastKnownFileType = sourcecode.swift; path = ViewController.swift; sourceTree = "<group>"; };
		3C96727C2A24E31C000FC1A9 /* Base */ = {isa = PBXFileReference; lastKnownFileType = file.storyboard; name = Base; path = Base.lproj/Main.storyboard; sourceTree = "<group>"; };
		3C96727F2A24E31C000FC1A9 /* WeatherAPIApp.xcdatamodel */ = {isa = PBXFileReference; lastKnownFileType = wrapper.xcdatamodel; path = WeatherAPIApp.xcdatamodel; sourceTree = "<group>"; };
		3C9672812A24E31D000FC1A9 /* Assets.xcassets */ = {isa = PBXFileReference; lastKnownFileType = folder.assetcatalog; path = Assets.xcassets; sourceTree = "<group>"; };
		3C9672842A24E31D000FC1A9 /* Base */ = {isa = PBXFileReference; lastKnownFileType = file.storyboard; name = Base; path = Base.lproj/LaunchScreen.storyboard; sourceTree = "<group>"; };
		3C9672862A24E31D000FC1A9 /* Info.plist */ = {isa = PBXFileReference; lastKnownFileType = text.plist.xml; path = Info.plist; sourceTree = "<group>"; };
		3C96728B2A24E31D000FC1A9 /* WeatherAPIAppTests.xctest */ = {isa = PBXFileReference; explicitFileType = wrapper.cfbundle; includeInIndex = 0; path = WeatherAPIAppTests.xctest; sourceTree = BUILT_PRODUCTS_DIR; };
		3C96728F2A24E31D000FC1A9 /* WeatherAPIAppTests.swift */ = {isa = PBXFileReference; lastKnownFileType = sourcecode.swift; path = WeatherAPIAppTests.swift; sourceTree = "<group>"; };
		3C9672952A24E31D000FC1A9 /* WeatherAPIAppUITests.xctest */ = {isa = PBXFileReference; explicitFileType = wrapper.cfbundle; includeInIndex = 0; path = WeatherAPIAppUITests.xctest; sourceTree = BUILT_PRODUCTS_DIR; };
		3C9672992A24E31D000FC1A9 /* WeatherAPIAppUITests.swift */ = {isa = PBXFileReference; lastKnownFileType = sourcecode.swift; path = WeatherAPIAppUITests.swift; sourceTree = "<group>"; };
		3C96729B2A24E31D000FC1A9 /* WeatherAPIAppUITestsLaunchTests.swift */ = {isa = PBXFileReference; lastKnownFileType = sourcecode.swift; path = WeatherAPIAppUITestsLaunchTests.swift; sourceTree = "<group>"; };
/* End PBXFileReference section */

/* Begin PBXFrameworksBuildPhase section */
		3C96726F2A24E31C000FC1A9 /* Frameworks */ = {
			isa = PBXFrameworksBuildPhase;
			buildActionMask = 2147483647;
			files = (
			);
			runOnlyForDeploymentPostprocessing = 0;
		};
		3C9672882A24E31D000FC1A9 /* Frameworks */ = {
			isa = PBXFrameworksBuildPhase;
			buildActionMask = 2147483647;
			files = (
			);
			runOnlyForDeploymentPostprocessing = 0;
		};
		3C9672922A24E31D000FC1A9 /* Frameworks */ = {
			isa = PBXFrameworksBuildPhase;
			buildActionMask = 2147483647;
			files = (
			);
			runOnlyForDeploymentPostprocessing = 0;
		};
/* End PBXFrameworksBuildPhase section */

/* Begin PBXGroup section */
		3C9672692A24E31C000FC1A9 = {
			isa = PBXGroup;
			children = (
				3C9672742A24E31C000FC1A9 /* WeatherAPIApp */,
				3C96728E2A24E31D000FC1A9 /* WeatherAPIAppTests */,
				3C9672982A24E31D000FC1A9 /* WeatherAPIAppUITests */,
				3C9672732A24E31C000FC1A9 /* Products */,
			);
			sourceTree = "<group>";
		};
		3C9672732A24E31C000FC1A9 /* Products */ = {
			isa = PBXGroup;
			children = (
				3C9672722A24E31C000FC1A9 /* WeatherAPIApp.app */,
				3C96728B2A24E31D000FC1A9 /* WeatherAPIAppTests.xctest */,
				3C9672952A24E31D000FC1A9 /* WeatherAPIAppUITests.xctest */,
			);
			name = Products;
			sourceTree = "<group>";
		};
		3C9672742A24E31C000FC1A9 /* WeatherAPIApp */ = {
			isa = PBXGroup;
			children = (
				3C9672752A24E31C000FC1A9 /* AppDelegate.swift */,
				3C9672772A24E31C000FC1A9 /* SceneDelegate.swift */,
				3C9672792A24E31C000FC1A9 /* ViewController.swift */,
				3C96727B2A24E31C000FC1A9 /* Main.storyboard */,
				3C9672812A24E31D000FC1A9 /* Assets.xcassets */,
				3C9672832A24E31D000FC1A9 /* LaunchScreen.storyboard */,
				3C9672862A24E31D000FC1A9 /* Info.plist */,
				3C96727E2A24E31C000FC1A9 /* WeatherAPIApp.xcdatamodeld */,
			);
			path = WeatherAPIApp;
			sourceTree = "<group>";
		};
		3C96728E2A24E31D000FC1A9 /* WeatherAPIAppTests */ = {
			isa = PBXGroup;
			children = (
				3C96728F2A24E31D000FC1A9 /* WeatherAPIAppTests.swift */,
			);
			path = WeatherAPIAppTests;
			sourceTree = "<group>";
		};
		3C9672982A24E31D000FC1A9 /* WeatherAPIAppUITests */ = {
			isa = PBXGroup;
			children = (
				3C9672992A24E31D000FC1A9 /* WeatherAPIAppUITests.swift */,
				3C96729B2A24E31D000FC1A9 /* WeatherAPIAppUITestsLaunchTests.swift */,
			);
			path = WeatherAPIAppUITests;
			sourceTree = "<group>";
		};
/* End PBXGroup section */

/* Begin PBXNativeTarget section */
		3C9672712A24E31C000FC1A9 /* WeatherAPIApp */ = {
			isa = PBXNativeTarget;
			buildConfigurationList = 3C96729F2A24E31D000FC1A9 /* Build configuration list for PBXNativeTarget "WeatherAPIApp" */;
			buildPhases = (
				3C96726E2A24E31C000FC1A9 /* Sources */,
				3C96726F2A24E31C000FC1A9 /* Frameworks */,
				3C9672702A24E31C000FC1A9 /* Resources */,
			);
			buildRules = (
			);
			dependencies = (
			);
			name = WeatherAPIApp;
			productName = WeatherAPIApp;
			productReference = 3C9672722A24E31C000FC1A9 /* WeatherAPIApp.app */;
			productType = "com.apple.product-type.application";
		};
		3C96728A2A24E31D000FC1A9 /* WeatherAPIAppTests */ = {
			isa = PBXNativeTarget;
			buildConfigurationList = 3C9672A22A24E31D000FC1A9 /* Build configuration list for PBXNativeTarget "WeatherAPIAppTests" */;
			buildPhases = (
				3C9672872A24E31D000FC1A9 /* Sources */,
				3C9672882A24E31D000FC1A9 /* Frameworks */,
				3C9672892A24E31D000FC1A9 /* Resources */,
			);
			buildRules = (
			);
			dependencies = (
				3C96728D2A24E31D000FC1A9 /* PBXTargetDependency */,
			);
			name = WeatherAPIAppTests;
			productName = WeatherAPIAppTests;
			productReference = 3C96728B2A24E31D000FC1A9 /* WeatherAPIAppTests.xctest */;
			productType = "com.apple.product-type.bundle.unit-test";
		};
		3C9672942A24E31D000FC1A9 /* WeatherAPIAppUITests */ = {
			isa = PBXNativeTarget;
			buildConfigurationList = 3C9672A52A24E31D000FC1A9 /* Build configuration list for PBXNativeTarget "WeatherAPIAppUITests" */;
			buildPhases = (
				3C9672912A24E31D000FC1A9 /* Sources */,
				3C9672922A24E31D000FC1A9 /* Frameworks */,
				3C9672932A24E31D000FC1A9 /* Resources */,
			);
			buildRules = (
			);
			dependencies = (
				3C9672972A24E31D000FC1A9 /* PBXTargetDependency */,
			);
			name = WeatherAPIAppUITests;
			productName = WeatherAPIAppUITests;
			productReference = 3C9672952A24E31D000FC1A9 /* WeatherAPIAppUITests.xctest */;
			productType = "com.apple.product-type.bundle.ui-testing";
		};
/* End PBXNativeTarget section */

/* Begin PBXProject section */
		3C96726A2A24E31C000FC1A9 /* Project object */ = {
			isa = PBXProject;
			attributes = {
				BuildIndependentTargetsInParallel = 1;
				LastSwiftUpdateCheck = 1430;
				LastUpgradeCheck = 1430;
				TargetAttributes = {
					3C9672712A24E31C000FC1A9 = {
						CreatedOnToolsVersion = 14.3;
					};
					3C96728A2A24E31D000FC1A9 = {
						CreatedOnToolsVersion = 14.3;
						TestTargetID = 3C9672712A24E31C000FC1A9;
					};
					3C9672942A24E31D000FC1A9 = {
						CreatedOnToolsVersion = 14.3;
						TestTargetID = 3C9672712A24E31C000FC1A9;
					};
				};
			};
			buildConfigurationList = 3C96726D2A24E31C000FC1A9 /* Build configuration list for PBXProject "WeatherAPIApp" */;
			compatibilityVersion = "Xcode 14.0";
			developmentRegion = en;
			hasScannedForEncodings = 0;
			knownRegions = (
				en,
				Base,
			);
			mainGroup = 3C9672692A24E31C000FC1A9;
			productRefGroup = 3C9672732A24E31C000FC1A9 /* Products */;
			projectDirPath = "";
			projectRoot = "";
			targets = (
				3C9672712A24E31C000FC1A9 /* WeatherAPIApp */,
				3C96728A2A24E31D000FC1A9 /* WeatherAPIAppTests */,
				3C9672942A24E31D000FC1A9 /* WeatherAPIAppUITests */,
			);
		};
/* End PBXProject section */

/* Begin PBXResourcesBuildPhase section */
		3C9672702A24E31C000FC1A9 /* Resources */ = {
			isa = PBXResourcesBuildPhase;
			buildActionMask = 2147483647;
			files = (
				3C9672852A24E31D000FC1A9 /* LaunchScreen.storyboard in Resources */,
				3C9672822A24E31D000FC1A9 /* Assets.xcassets in Resources */,
				3C96727D2A24E31C000FC1A9 /* Main.storyboard in Resources */,
			);
			runOnlyForDeploymentPostprocessing = 0;
		};
		3C9672892A24E31D000FC1A9 /* Resources */ = {
			isa = PBXResourcesBuildPhase;
			buildActionMask = 2147483647;
			files = (
			);
			runOnlyForDeploymentPostprocessing = 0;
		};
		3C9672932A24E31D000FC1A9 /* Resources */ = {
			isa = PBXResourcesBuildPhase;
			buildActionMask = 2147483647;
			files = (
			);
			runOnlyForDeploymentPostprocessing = 0;
		};
/* End PBXResourcesBuildPhase section */

/* Begin PBXSourcesBuildPhase section */
		3C96726E2A24E31C000FC1A9 /* Sources */ = {
			isa = PBXSourcesBuildPhase;
			buildActionMask = 2147483647;
			files = (
				3C96727A2A24E31C000FC1A9 /* ViewController.swift in Sources */,
				3C9672802A24E31C000FC1A9 /* WeatherAPIApp.xcdatamodeld in Sources */,
				3C9672762A24E31C000FC1A9 /* AppDelegate.swift in Sources */,
				3C9672782A24E31C000FC1A9 /* SceneDelegate.swift in Sources */,
			);
			runOnlyForDeploymentPostprocessing = 0;
		};
		3C9672872A24E31D000FC1A9 /* Sources */ = {
			isa = PBXSourcesBuildPhase;
			buildActionMask = 2147483647;
			files = (
				3C9672902A24E31D000FC1A9 /* WeatherAPIAppTests.swift in Sources */,
			);
			runOnlyForDeploymentPostprocessing = 0;
		};
		3C9672912A24E31D000FC1A9 /* Sources */ = {
			isa = PBXSourcesBuildPhase;
			buildActionMask = 2147483647;
			files = (
				3C96729C2A24E31D000FC1A9 /* WeatherAPIAppUITestsLaunchTests.swift in Sources */,
				3C96729A2A24E31D000FC1A9 /* WeatherAPIAppUITests.swift in Sources */,
			);
			runOnlyForDeploymentPostprocessing = 0;
		};
/* End PBXSourcesBuildPhase section */

/* Begin PBXTargetDependency section */
		3C96728D2A24E31D000FC1A9 /* PBXTargetDependency */ = {
			isa = PBXTargetDependency;
			target = 3C9672712A24E31C000FC1A9 /* WeatherAPIApp */;
			targetProxy = 3C96728C2A24E31D000FC1A9 /* PBXContainerItemProxy */;
		};
		3C9672972A24E31D000FC1A9 /* PBXTargetDependency */ = {
			isa = PBXTargetDependency;
			target = 3C9672712A24E31C000FC1A9 /* WeatherAPIApp */;
			targetProxy = 3C9672962A24E31D000FC1A9 /* PBXContainerItemProxy */;
		};
/* End PBXTargetDependency section */

/* Begin PBXVariantGroup section */
		3C96727B2A24E31C000FC1A9 /* Main.storyboard */ = {
			isa = PBXVariantGroup;
			children = (
				3C96727C2A24E31C000FC1A9 /* Base */,
			);
			name = Main.storyboard;
			sourceTree = "<group>";
		};
		3C9672832A24E31D000FC1A9 /* LaunchScreen.storyboard */ = {
			isa = PBXVariantGroup;
			children = (
				3C9672842A24E31D000FC1A9 /* Base */,
			);
			name = LaunchScreen.storyboard;
			sourceTree = "<group>";
		};
/* End PBXVariantGroup section */

/* Begin XCBuildConfiguration section */
		3C96729D2A24E31D000FC1A9 /* Debug */ = {
			isa = XCBuildConfiguration;
			buildSettings = {
				ALWAYS_SEARCH_USER_PATHS = NO;
				CLANG_ANALYZER_NONNULL = YES;
				CLANG_ANALYZER_NUMBER_OBJECT_CONVERSION = YES_AGGRESSIVE;
				CLANG_CXX_LANGUAGE_STANDARD = "gnu++20";
				CLANG_ENABLE_MODULES = YES;
				CLANG_ENABLE_OBJC_ARC = YES;
				CLANG_ENABLE_OBJC_WEAK = YES;
				CLANG_WARN_BLOCK_CAPTURE_AUTORELEASING = YES;
				CLANG_WARN_BOOL_CONVERSION = YES;
				CLANG_WARN_COMMA = YES;
				CLANG_WARN_CONSTANT_CONVERSION = YES;
				CLANG_WARN_DEPRECATED_OBJC_IMPLEMENTATIONS = YES;
				CLANG_WARN_DIRECT_OBJC_ISA_USAGE = YES_ERROR;
				CLANG_WARN_DOCUMENTATION_COMMENTS = YES;
				CLANG_WARN_EMPTY_BODY = YES;
				CLANG_WARN_ENUM_CONVERSION = YES;
				CLANG_WARN_INFINITE_RECURSION = YES;
				CLANG_WARN_INT_CONVERSION = YES;
				CLANG_WARN_NON_LITERAL_NULL_CONVERSION = YES;
				CLANG_WARN_OBJC_IMPLICIT_RETAIN_SELF = YES;
				CLANG_WARN_OBJC_LITERAL_CONVERSION = YES;
				CLANG_WARN_OBJC_ROOT_CLASS = YES_ERROR;
				CLANG_WARN_QUOTED_INCLUDE_IN_FRAMEWORK_HEADER = YES;
				CLANG_WARN_RANGE_LOOP_ANALYSIS = YES;
				CLANG_WARN_STRICT_PROTOTYPES = YES;
				CLANG_WARN_SUSPICIOUS_MOVE = YES;
				CLANG_WARN_UNGUARDED_AVAILABILITY = YES_AGGRESSIVE;
				CLANG_WARN_UNREACHABLE_CODE = YES;
				CLANG_WARN__DUPLICATE_METHOD_MATCH = YES;
				COPY_PHASE_STRIP = NO;
				DEBUG_INFORMATION_FORMAT = dwarf;
				ENABLE_STRICT_OBJC_MSGSEND = YES;
				ENABLE_TESTABILITY = YES;
				GCC_C_LANGUAGE_STANDARD = gnu11;
				GCC_DYNAMIC_NO_PIC = NO;
				GCC_NO_COMMON_BLOCKS = YES;
				GCC_OPTIMIZATION_LEVEL = 0;
				GCC_PREPROCESSOR_DEFINITIONS = (
					"DEBUG=1",
					"$(inherited)",
				);
				GCC_WARN_64_TO_32_BIT_CONVERSION = YES;
				GCC_WARN_ABOUT_RETURN_TYPE = YES_ERROR;
				GCC_WARN_UNDECLARED_SELECTOR = YES;
				GCC_WARN_UNINITIALIZED_AUTOS = YES_AGGRESSIVE;
				GCC_WARN_UNUSED_FUNCTION = YES;
				GCC_WARN_UNUSED_VARIABLE = YES;
				IPHONEOS_DEPLOYMENT_TARGET = 16.4;
				MTL_ENABLE_DEBUG_INFO = INCLUDE_SOURCE;
				MTL_FAST_MATH = YES;
				ONLY_ACTIVE_ARCH = YES;
				SDKROOT = iphoneos;
				SWIFT_ACTIVE_COMPILATION_CONDITIONS = DEBUG;
				SWIFT_OPTIMIZATION_LEVEL = "-Onone";
			};
			name = Debug;
		};
		3C96729E2A24E31D000FC1A9 /* Release */ = {
			isa = XCBuildConfiguration;
			buildSettings = {
				ALWAYS_SEARCH_USER_PATHS = NO;
				CLANG_ANALYZER_NONNULL = YES;
				CLANG_ANALYZER_NUMBER_OBJECT_CONVERSION = YES_AGGRESSIVE;
				CLANG_CXX_LANGUAGE_STANDARD = "gnu++20";
				CLANG_ENABLE_MODULES = YES;
				CLANG_ENABLE_OBJC_ARC = YES;
				CLANG_ENABLE_OBJC_WEAK = YES;
				CLANG_WARN_BLOCK_CAPTURE_AUTORELEASING = YES;
				CLANG_WARN_BOOL_CONVERSION = YES;
				CLANG_WARN_COMMA = YES;
				CLANG_WARN_CONSTANT_CONVERSION = YES;
				CLANG_WARN_DEPRECATED_OBJC_IMPLEMENTATIONS = YES;
				CLANG_WARN_DIRECT_OBJC_ISA_USAGE = YES_ERROR;
				CLANG_WARN_DOCUMENTATION_COMMENTS = YES;
				CLANG_WARN_EMPTY_BODY = YES;
				CLANG_WARN_ENUM_CONVERSION = YES;
				CLANG_WARN_INFINITE_RECURSION = YES;
				CLANG_WARN_INT_CONVERSION = YES;
				CLANG_WARN_NON_LITERAL_NULL_CONVERSION = YES;
				CLANG_WARN_OBJC_IMPLICIT_RETAIN_SELF = YES;
				CLANG_WARN_OBJC_LITERAL_CONVERSION = YES;
				CLANG_WARN_OBJC_ROOT_CLASS = YES_ERROR;
				CLANG_WARN_QUOTED_INCLUDE_IN_FRAMEWORK_HEADER = YES;
				CLANG_WARN_RANGE_LOOP_ANALYSIS = YES;
				CLANG_WARN_STRICT_PROTOTYPES = YES;
				CLANG_WARN_SUSPICIOUS_MOVE = YES;
				CLANG_WARN_UNGUARDED_AVAILABILITY = YES_AGGRESSIVE;
				CLANG_WARN_UNREACHABLE_CODE = YES;
				CLANG_WARN__DUPLICATE_METHOD_MATCH = YES;
				COPY_PHASE_STRIP = NO;
				DEBUG_INFORMATION_FORMAT = "dwarf-with-dsym";
				ENABLE_NS_ASSERTIONS = NO;
				ENABLE_STRICT_OBJC_MSGSEND = YES;
				GCC_C_LANGUAGE_STANDARD = gnu11;
				GCC_NO_COMMON_BLOCKS = YES;
				GCC_WARN_64_TO_32_BIT_CONVERSION = YES;
				GCC_WARN_ABOUT_RETURN_TYPE = YES_ERROR;
				GCC_WARN_UNDECLARED_SELECTOR = YES;
				GCC_WARN_UNINITIALIZED_AUTOS = YES_AGGRESSIVE;
				GCC_WARN_UNUSED_FUNCTION = YES;
				GCC_WARN_UNUSED_VARIABLE = YES;
				IPHONEOS_DEPLOYMENT_TARGET = 16.4;
				MTL_ENABLE_DEBUG_INFO = NO;
				MTL_FAST_MATH = YES;
				SDKROOT = iphoneos;
				SWIFT_COMPILATION_MODE = wholemodule;
				SWIFT_OPTIMIZATION_LEVEL = "-O";
				VALIDATE_PRODUCT = YES;
			};
			name = Release;
		};
		3C9672A02A24E31D000FC1A9 /* Debug */ = {
			isa = XCBuildConfiguration;
			buildSettings = {
				ASSETCATALOG_COMPILER_APPICON_NAME = AppIcon;
				ASSETCATALOG_COMPILER_GLOBAL_ACCENT_COLOR_NAME = AccentColor;
				CODE_SIGN_STYLE = Automatic;
				CURRENT_PROJECT_VERSION = 1;
				DEVELOPMENT_TEAM = FSWG4853R4;
				GENERATE_INFOPLIST_FILE = YES;
				INFOPLIST_FILE = WeatherAPIApp/Info.plist;
				INFOPLIST_KEY_UIApplicationSupportsIndirectInputEvents = YES;
				INFOPLIST_KEY_UILaunchStoryboardName = LaunchScreen;
				INFOPLIST_KEY_UIMainStoryboardFile = Main;
				INFOPLIST_KEY_UISupportedInterfaceOrientations_iPad = "UIInterfaceOrientationPortrait UIInterfaceOrientationPortraitUpsideDown UIInterfaceOrientationLandscapeLeft UIInterfaceOrientationLandscapeRight";
				INFOPLIST_KEY_UISupportedInterfaceOrientations_iPhone = "UIInterfaceOrientationPortrait UIInterfaceOrientationLandscapeLeft UIInterfaceOrientationLandscapeRight";
				LD_RUNPATH_SEARCH_PATHS = (
					"$(inherited)",
					"@executable_path/Frameworks",
				);
				MARKETING_VERSION = 1.0;
				PRODUCT_BUNDLE_IDENTIFIER = com.kami.WeatherAPIApp;
				PRODUCT_NAME = "$(TARGET_NAME)";
				SWIFT_EMIT_LOC_STRINGS = YES;
				SWIFT_VERSION = 5.0;
				TARGETED_DEVICE_FAMILY = "1,2";
			};
			name = Debug;
		};
		3C9672A12A24E31D000FC1A9 /* Release */ = {
			isa = XCBuildConfiguration;
			buildSettings = {
				ASSETCATALOG_COMPILER_APPICON_NAME = AppIcon;
				ASSETCATALOG_COMPILER_GLOBAL_ACCENT_COLOR_NAME = AccentColor;
				CODE_SIGN_STYLE = Automatic;
				CURRENT_PROJECT_VERSION = 1;
				DEVELOPMENT_TEAM = FSWG4853R4;
				GENERATE_INFOPLIST_FILE = YES;
				INFOPLIST_FILE = WeatherAPIApp/Info.plist;
				INFOPLIST_KEY_UIApplicationSupportsIndirectInputEvents = YES;
				INFOPLIST_KEY_UILaunchStoryboardName = LaunchScreen;
				INFOPLIST_KEY_UIMainStoryboardFile = Main;
				INFOPLIST_KEY_UISupportedInterfaceOrientations_iPad = "UIInterfaceOrientationPortrait UIInterfaceOrientationPortraitUpsideDown UIInterfaceOrientationLandscapeLeft UIInterfaceOrientationLandscapeRight";
				INFOPLIST_KEY_UISupportedInterfaceOrientations_iPhone = "UIInterfaceOrientationPortrait UIInterfaceOrientationLandscapeLeft UIInterfaceOrientationLandscapeRight";
				LD_RUNPATH_SEARCH_PATHS = (
					"$(inherited)",
					"@executable_path/Frameworks",
				);
				MARKETING_VERSION = 1.0;
				PRODUCT_BUNDLE_IDENTIFIER = com.kami.WeatherAPIApp;
				PRODUCT_NAME = "$(TARGET_NAME)";
				SWIFT_EMIT_LOC_STRINGS = YES;
				SWIFT_VERSION = 5.0;
				TARGETED_DEVICE_FAMILY = "1,2";
			};
			name = Release;
		};
		3C9672A32A24E31D000FC1A9 /* Debug */ = {
			isa = XCBuildConfiguration;
			buildSettings = {
				ALWAYS_EMBED_SWIFT_STANDARD_LIBRARIES = YES;
				BUNDLE_LOADER = "$(TEST_HOST)";
				CODE_SIGN_STYLE = Automatic;
				CURRENT_PROJECT_VERSION = 1;
				DEVELOPMENT_TEAM = FSWG4853R4;
				GENERATE_INFOPLIST_FILE = YES;
				IPHONEOS_DEPLOYMENT_TARGET = 16.4;
				MARKETING_VERSION = 1.0;
				PRODUCT_BUNDLE_IDENTIFIER = com.kami.WeatherAPIAppTests;
				PRODUCT_NAME = "$(TARGET_NAME)";
				SWIFT_EMIT_LOC_STRINGS = NO;
				SWIFT_VERSION = 5.0;
				TARGETED_DEVICE_FAMILY = "1,2";
				TEST_HOST = "$(BUILT_PRODUCTS_DIR)/WeatherAPIApp.app/$(BUNDLE_EXECUTABLE_FOLDER_PATH)/WeatherAPIApp";
			};
			name = Debug;
		};
		3C9672A42A24E31D000FC1A9 /* Release */ = {
			isa = XCBuildConfiguration;
			buildSettings = {
				ALWAYS_EMBED_SWIFT_STANDARD_LIBRARIES = YES;
				BUNDLE_LOADER = "$(TEST_HOST)";
				CODE_SIGN_STYLE = Automatic;
				CURRENT_PROJECT_VERSION = 1;
				DEVELOPMENT_TEAM = FSWG4853R4;
				GENERATE_INFOPLIST_FILE = YES;
				IPHONEOS_DEPLOYMENT_TARGET = 16.4;
				MARKETING_VERSION = 1.0;
				PRODUCT_BUNDLE_IDENTIFIER = com.kami.WeatherAPIAppTests;
				PRODUCT_NAME = "$(TARGET_NAME)";
				SWIFT_EMIT_LOC_STRINGS = NO;
				SWIFT_VERSION = 5.0;
				TARGETED_DEVICE_FAMILY = "1,2";
				TEST_HOST = "$(BUILT_PRODUCTS_DIR)/WeatherAPIApp.app/$(BUNDLE_EXECUTABLE_FOLDER_PATH)/WeatherAPIApp";
			};
			name = Release;
		};
		3C9672A62A24E31D000FC1A9 /* Debug */ = {
			isa = XCBuildConfiguration;
			buildSettings = {
				ALWAYS_EMBED_SWIFT_STANDARD_LIBRARIES = YES;
				CODE_SIGN_STYLE = Automatic;
				CURRENT_PROJECT_VERSION = 1;
				DEVELOPMENT_TEAM = FSWG4853R4;
				GENERATE_INFOPLIST_FILE = YES;
				MARKETING_VERSION = 1.0;
				PRODUCT_BUNDLE_IDENTIFIER = com.kami.WeatherAPIAppUITests;
				PRODUCT_NAME = "$(TARGET_NAME)";
				SWIFT_EMIT_LOC_STRINGS = NO;
				SWIFT_VERSION = 5.0;
				TARGETED_DEVICE_FAMILY = "1,2";
				TEST_TARGET_NAME = WeatherAPIApp;
			};
			name = Debug;
		};
		3C9672A72A24E31D000FC1A9 /* Release */ = {
			isa = XCBuildConfiguration;
			buildSettings = {
				ALWAYS_EMBED_SWIFT_STANDARD_LIBRARIES = YES;
				CODE_SIGN_STYLE = Automatic;
				CURRENT_PROJECT_VERSION = 1;
				DEVELOPMENT_TEAM = FSWG4853R4;
				GENERATE_INFOPLIST_FILE = YES;
				MARKETING_VERSION = 1.0;
				PRODUCT_BUNDLE_IDENTIFIER = com.kami.WeatherAPIAppUITests;
				PRODUCT_NAME = "$(TARGET_NAME)";
				SWIFT_EMIT_LOC_STRINGS = NO;
				SWIFT_VERSION = 5.0;
				TARGETED_DEVICE_FAMILY = "1,2";
				TEST_TARGET_NAME = WeatherAPIApp;
			};
			name = Release;
		};
/* End XCBuildConfiguration section */

/* Begin XCConfigurationList section */
		3C96726D2A24E31C000FC1A9 /* Build configuration list for PBXProject "WeatherAPIApp" */ = {
			isa = XCConfigurationList;
			buildConfigurations = (
				3C96729D2A24E31D000FC1A9 /* Debug */,
				3C96729E2A24E31D000FC1A9 /* Release */,
			);
			defaultConfigurationIsVisible = 0;
			defaultConfigurationName = Release;
		};
		3C96729F2A24E31D000FC1A9 /* Build configuration list for PBXNativeTarget "WeatherAPIApp" */ = {
			isa = XCConfigurationList;
			buildConfigurations = (
				3C9672A02A24E31D000FC1A9 /* Debug */,
				3C9672A12A24E31D000FC1A9 /* Release */,
			);
			defaultConfigurationIsVisible = 0;
			defaultConfigurationName = Release;
		};
		3C9672A22A24E31D000FC1A9 /* Build configuration list for PBXNativeTarget "WeatherAPIAppTests" */ = {
			isa = XCConfigurationList;
			buildConfigurations = (
				3C9672A32A24E31D000FC1A9 /* Debug */,
				3C9672A42A24E31D000FC1A9 /* Release */,
			);
			defaultConfigurationIsVisible = 0;
			defaultConfigurationName = Release;
		};
		3C9672A52A24E31D000FC1A9 /* Build configuration list for PBXNativeTarget "WeatherAPIAppUITests" */ = {
			isa = XCConfigurationList;
			buildConfigurations = (
				3C9672A62A24E31D000FC1A9 /* Debug */,
				3C9672A72A24E31D000FC1A9 /* Release */,
			);
			defaultConfigurationIsVisible = 0;
			defaultConfigurationName = Release;
		};
/* End XCConfigurationList section */

/* Begin XCVersionGroup section */
		3C96727E2A24E31C000FC1A9 /* WeatherAPIApp.xcdatamodeld */ = {
			isa = XCVersionGroup;
			children = (
				3C96727F2A24E31C000FC1A9 /* WeatherAPIApp.xcdatamodel */,
			);
			currentVersion = 3C96727F2A24E31C000FC1A9 /* WeatherAPIApp.xcdatamodel */;
			path = WeatherAPIApp.xcdatamodeld;
			sourceTree = "<group>";
			versionGroupType = wrapper.xcdatamodel;
		};
/* End XCVersionGroup section */
	};
	rootObject = 3C96726A2A24E31C000FC1A9 /* Project object */;
}
